
Microsoft Visual Studio Solution File, Format Version 12.00
# Visual Studio Version 17
VisualStudioVersion = 17.14.36121.58
MinimumVisualStudioVersion = 10.0.40219.1
Project("{FAE04EC0-301F-11D3-BF4B-00C04F79EFBC}") = "GrillPizzeriaOrderMiddleware", "GrillPizzeriaOrderMiddleware\GrillPizzeriaOrderMiddleware.csproj", "{C2D16841-5383-4380-AA2D-C87BE48F05B8}"
EndProject
Project("{FAE04EC0-301F-11D3-BF4B-00C04F79EFBC}") = "GrillPizzeriaOrderWebApp", "GrillPizzeriaOrderWebApp\GrillPizzeriaOrderWebApp.csproj", "{835E10E1-1066-41B9-A97F-44EC15D17D38}"
EndProject
Project("{FAE04EC0-301F-11D3-BF4B-00C04F79EFBC}") = "Models", "Moduls\Models.csproj", "{318B33C9-23C2-410B-99D2-15A6E6152837}"
EndProject
Project("{FAE04EC0-301F-11D3-BF4B-00C04F79EFBC}") = "ViewModels", "ViewModels\ViewModels.csproj", "{EE912529-8387-4E11-BB84-A4F23D33EA5B}"
EndProject
Project("{FAE04EC0-301F-11D3-BF4B-00C04F79EFBC}") = "DTO", "DTO\DTO.csproj", "{3DEF8B53-C93E-433D-83C8-F051F9DDC951}"
EndProject
Project("{FAE04EC0-301F-11D3-BF4B-00C04F79EFBC}") = "ModelConstants", "ModelConstants\ModelConstants.csproj", "{34F9BCFD-29C5-447A-8162-5B188BE1E295}"
EndProject
Global
	GlobalSection(SolutionConfigurationPlatforms) = preSolution
		Debug|Any CPU = Debug|Any CPU
		Release|Any CPU = Release|Any CPU
	EndGlobalSection
	GlobalSection(ProjectConfigurationPlatforms) = postSolution
		{C2D16841-5383-4380-AA2D-C87BE48F05B8}.Debug|Any CPU.ActiveCfg = Debug|Any CPU
		{C2D16841-5383-4380-AA2D-C87BE48F05B8}.Debug|Any CPU.Build.0 = Debug|Any CPU
		{C2D16841-5383-4380-AA2D-C87BE48F05B8}.Release|Any CPU.ActiveCfg = Release|Any CPU
		{C2D16841-5383-4380-AA2D-C87BE48F05B8}.Release|Any CPU.Build.0 = Release|Any CPU
		{835E10E1-1066-41B9-A97F-44EC15D17D38}.Debug|Any CPU.ActiveCfg = Debug|Any CPU
		{835E10E1-1066-41B9-A97F-44EC15D17D38}.Debug|Any CPU.Build.0 = Debug|Any CPU
		{835E10E1-1066-41B9-A97F-44EC15D17D38}.Release|Any CPU.ActiveCfg = Release|Any CPU
		{835E10E1-1066-41B9-A97F-44EC15D17D38}.Release|Any CPU.Build.0 = Release|Any CPU
		{318B33C9-23C2-410B-99D2-15A6E6152837}.Debug|Any CPU.ActiveCfg = Debug|Any CPU
		{318B33C9-23C2-410B-99D2-15A6E6152837}.Debug|Any CPU.Build.0 = Debug|Any CPU
		{318B33C9-23C2-410B-99D2-15A6E6152837}.Release|Any CPU.ActiveCfg = Release|Any CPU
		{318B33C9-23C2-410B-99D2-15A6E6152837}.Release|Any CPU.Build.0 = Release|Any CPU
		{EE912529-8387-4E11-BB84-A4F23D33EA5B}.Debug|Any CPU.ActiveCfg = Debug|Any CPU
		{EE912529-8387-4E11-BB84-A4F23D33EA5B}.Debug|Any CPU.Build.0 = Debug|Any CPU
		{EE912529-8387-4E11-BB84-A4F23D33EA5B}.Release|Any CPU.ActiveCfg = Release|Any CPU
		{EE912529-8387-4E11-BB84-A4F23D33EA5B}.Release|Any CPU.Build.0 = Release|Any CPU
		{3DEF8B53-C93E-433D-83C8-F051F9DDC951}.Debug|Any CPU.ActiveCfg = Debug|Any CPU
		{3DEF8B53-C93E-433D-83C8-F051F9DDC951}.Debug|Any CPU.Build.0 = Debug|Any CPU
		{3DEF8B53-C93E-433D-83C8-F051F9DDC951}.Release|Any CPU.ActiveCfg = Release|Any CPU
		{3DEF8B53-C93E-433D-83C8-F051F9DDC951}.Release|Any CPU.Build.0 = Release|Any CPU
		{34F9BCFD-29C5-447A-8162-5B188BE1E295}.Debug|Any CPU.ActiveCfg = Debug|Any CPU
		{34F9BCFD-29C5-447A-8162-5B188BE1E295}.Debug|Any CPU.Build.0 = Debug|Any CPU
		{34F9BCFD-29C5-447A-8162-5B188BE1E295}.Release|Any CPU.ActiveCfg = Release|Any CPU
		{34F9BCFD-29C5-447A-8162-5B188BE1E295}.Release|Any CPU.Build.0 = Release|Any CPU
	EndGlobalSection
	GlobalSection(SolutionProperties) = preSolution
		HideSolutionNode = FALSE
	EndGlobalSection
	GlobalSection(ExtensibilityGlobals) = postSolution
		SolutionGuid = {1EE58258-C933-4044-83B1-5F8975826DD8}
	EndGlobalSection
EndGlobal
